// !$*UTF8*$!
{
	archiveVersion = 1;
	classes = {
	};
	objectVersion = 50;
	objects = {

/* Begin PBXBuildFile section */
		EDDDD4F72280884E006C7910 /* AppDelegate.m in Sources */ = {isa = PBXBuildFile; fileRef = EDDDD4F62280884E006C7910 /* AppDelegate.m */; };
		EDDDD4FA2280884E006C7910 /* ViewController.m in Sources */ = {isa = PBXBuildFile; fileRef = EDDDD4F92280884E006C7910 /* ViewController.m */; };
		EDDDD4FD2280884E006C7910 /* Main.storyboard in Resources */ = {isa = PBXBuildFile; fileRef = EDDDD4FB2280884E006C7910 /* Main.storyboard */; };
		EDDDD4FF2280884F006C7910 /* Assets.xcassets in Resources */ = {isa = PBXBuildFile; fileRef = EDDDD4FE2280884F006C7910 /* Assets.xcassets */; };
		EDDDD5022280884F006C7910 /* LaunchScreen.storyboard in Resources */ = {isa = PBXBuildFile; fileRef = EDDDD5002280884F006C7910 /* LaunchScreen.storyboard */; };
		EDDDD5052280884F006C7910 /* main.m in Sources */ = {isa = PBXBuildFile; fileRef = EDDDD5042280884F006C7910 /* main.m */; };
		EDDDD50D22808B9E006C7910 /* GameManager.m in Sources */ = {isa = PBXBuildFile; fileRef = EDDDD50C22808B9E006C7910 /* GameManager.m */; };
		EDDDD51022808BA4006C7910 /* Player.m in Sources */ = {isa = PBXBuildFile; fileRef = EDDDD50F22808BA4006C7910 /* Player.m */; };
/* End PBXBuildFile section */

/* Begin PBXFileReference section */
		EDDDD4F22280884E006C7910 /* TwoPlayerMathGame.app */ = {isa = PBXFileReference; explicitFileType = wrapper.application; includeInIndex = 0; path = TwoPlayerMathGame.app; sourceTree = BUILT_PRODUCTS_DIR; };
		EDDDD4F52280884E006C7910 /* AppDelegate.h */ = {isa = PBXFileReference; lastKnownFileType = sourcecode.c.h; path = AppDelegate.h; sourceTree = "<group>"; };
		EDDDD4F62280884E006C7910 /* AppDelegate.m */ = {isa = PBXFileReference; lastKnownFileType = sourcecode.c.objc; path = AppDelegate.m; sourceTree = "<group>"; };
		EDDDD4F82280884E006C7910 /* ViewController.h */ = {isa = PBXFileReference; lastKnownFileType = sourcecode.c.h; path = ViewController.h; sourceTree = "<group>"; };
		EDDDD4F92280884E006C7910 /* ViewController.m */ = {isa = PBXFileReference; lastKnownFileType = sourcecode.c.objc; path = ViewController.m; sourceTree = "<group>"; };
		EDDDD4FC2280884E006C7910 /* Base */ = {isa = PBXFileReference; lastKnownFileType = file.storyboard; name = Base; path = Base.lproj/Main.storyboard; sourceTree = "<group>"; };
		EDDDD4FE2280884F006C7910 /* Assets.xcassets */ = {isa = PBXFileReference; lastKnownFileType = folder.assetcatalog; path = Assets.xcassets; sourceTree = "<group>"; };
		EDDDD5012280884F006C7910 /* Base */ = {isa = PBXFileReference; lastKnownFileType = file.storyboard; name = Base; path = Base.lproj/LaunchScreen.storyboard; sourceTree = "<group>"; };
		EDDDD5032280884F006C7910 /* Info.plist */ = {isa = PBXFileReference; lastKnownFileType = text.plist.xml; path = Info.plist; sourceTree = "<group>"; };
		EDDDD5042280884F006C7910 /* main.m */ = {isa = PBXFileReference; lastKnownFileType = sourcecode.c.objc; path = main.m; sourceTree = "<group>"; };
		EDDDD50B22808B9E006C7910 /* GameManager.h */ = {isa = PBXFileReference; lastKnownFileType = sourcecode.c.h; path = GameManager.h; sourceTree = "<group>"; };
		EDDDD50C22808B9E006C7910 /* GameManager.m */ = {isa = PBXFileReference; lastKnownFileType = sourcecode.c.objc; path = GameManager.m; sourceTree = "<group>"; };
		EDDDD50E22808BA4006C7910 /* Player.h */ = {isa = PBXFileReference; lastKnownFileType = sourcecode.c.h; path = Player.h; sourceTree = "<group>"; };
		EDDDD50F22808BA4006C7910 /* Player.m */ = {isa = PBXFileReference; lastKnownFileType = sourcecode.c.objc; path = Player.m; sourceTree = "<group>"; };
/* End PBXFileReference section */

/* Begin PBXFrameworksBuildPhase section */
		EDDDD4EF2280884E006C7910 /* Frameworks */ = {
			isa = PBXFrameworksBuildPhase;
			buildActionMask = 2147483647;
			files = (
			);
			runOnlyForDeploymentPostprocessing = 0;
		};
/* End PBXFrameworksBuildPhase section */

/* Begin PBXGroup section */
		EDDDD4E92280884E006C7910 = {
			isa = PBXGroup;
			children = (
				EDDDD4F42280884E006C7910 /* TwoPlayerMathGame */,
				EDDDD4F32280884E006C7910 /* Products */,
			);
			sourceTree = "<group>";
		};
		EDDDD4F32280884E006C7910 /* Products */ = {
			isa = PBXGroup;
			children = (
				EDDDD4F22280884E006C7910 /* TwoPlayerMathGame.app */,
			);
			name = Products;
			sourceTree = "<group>";
		};
		EDDDD4F42280884E006C7910 /* TwoPlayerMathGame */ = {
			isa = PBXGroup;
			children = (
				EDDDD4F52280884E006C7910 /* AppDelegate.h */,
				EDDDD4F62280884E006C7910 /* AppDelegate.m */,
				EDDDD4F82280884E006C7910 /* ViewController.h */,
				EDDDD4F92280884E006C7910 /* ViewController.m */,
				EDDDD4FB2280884E006C7910 /* Main.storyboard */,
				EDDDD50B22808B9E006C7910 /* GameManager.h */,
				EDDDD50C22808B9E006C7910 /* GameManager.m */,
				EDDDD50E22808BA4006C7910 /* Player.h */,
				EDDDD50F22808BA4006C7910 /* Player.m */,
				EDDDD4FE2280884F006C7910 /* Assets.xcassets */,
				EDDDD5002280884F006C7910 /* LaunchScreen.storyboard */,
				EDDDD5032280884F006C7910 /* Info.plist */,
				EDDDD5042280884F006C7910 /* main.m */,
			);
			path = TwoPlayerMathGame;
			sourceTree = "<group>";
		};
/* End PBXGroup section */

/* Begin PBXNativeTarget section */
		EDDDD4F12280884E006C7910 /* TwoPlayerMathGame */ = {
			isa = PBXNativeTarget;
			buildConfigurationList = EDDDD5082280884F006C7910 /* Build configuration list for PBXNativeTarget "TwoPlayerMathGame" */;
			buildPhases = (
				EDDDD4EE2280884E006C7910 /* Sources */,
				EDDDD4EF2280884E006C7910 /* Frameworks */,
				EDDDD4F02280884E006C7910 /* Resources */,
			);
			buildRules = (
			);
			dependencies = (
			);
			name = TwoPlayerMathGame;
			productName = TwoPlayerMathGame;
			productReference = EDDDD4F22280884E006C7910 /* TwoPlayerMathGame.app */;
			productType = "com.apple.product-type.application";
		};
/* End PBXNativeTarget section */

/* Begin PBXProject section */
		EDDDD4EA2280884E006C7910 /* Project object */ = {
			isa = PBXProject;
			attributes = {
				LastUpgradeCheck = 1020;
				ORGANIZATIONNAME = "Dayson Dong";
				TargetAttributes = {
					EDDDD4F12280884E006C7910 = {
						CreatedOnToolsVersion = 10.2.1;
					};
				};
			};
			buildConfigurationList = EDDDD4ED2280884E006C7910 /* Build configuration list for PBXProject "TwoPlayerMathGame" */;
			compatibilityVersion = "Xcode 9.3";
			developmentRegion = en;
			hasScannedForEncodings = 0;
			knownRegions = (
				en,
				Base,
			);
			mainGroup = EDDDD4E92280884E006C7910;
			productRefGroup = EDDDD4F32280884E006C7910 /* Products */;
			projectDirPath = "";
			projectRoot = "";
			targets = (
				EDDDD4F12280884E006C7910 /* TwoPlayerMathGame */,
			);
		};
/* End PBXProject section */

/* Begin PBXResourcesBuildPhase section */
		EDDDD4F02280884E006C7910 /* Resources */ = {
			isa = PBXResourcesBuildPhase;
			buildActionMask = 2147483647;
			files = (
				EDDDD5022280884F006C7910 /* LaunchScreen.storyboard in Resources */,
				EDDDD4FF2280884F006C7910 /* Assets.xcassets in Resources */,
				EDDDD4FD2280884E006C7910 /* Main.storyboard in Resources */,
			);
			runOnlyForDeploymentPostprocessing = 0;
		};
/* End PBXResourcesBuildPhase section */

/* Begin PBXSourcesBuildPhase section */
		EDDDD4EE2280884E006C7910 /* Sources */ = {
			isa = PBXSourcesBuildPhase;
			buildActionMask = 2147483647;
			files = (
				EDDDD4FA2280884E006C7910 /* ViewController.m in Sources */,
				EDDDD50D22808B9E006C7910 /* GameManager.m in Sources */,
				EDDDD5052280884F006C7910 /* main.m in Sources */,
				EDDDD4F72280884E006C7910 /* AppDelegate.m in Sources */,
				EDDDD51022808BA4006C7910 /* Player.m in Sources */,
			);
			runOnlyForDeploymentPostprocessing = 0;
		};
/* End PBXSourcesBuildPhase section */

/* Begin PBXVariantGroup section */
		EDDDD4FB2280884E006C7910 /* Main.storyboard */ = {
			isa = PBXVariantGroup;
			children = (
				EDDDD4FC2280884E006C7910 /* Base */,
			);
			name = Main.storyboard;
			sourceTree = "<group>";
		};
		EDDDD5002280884F006C7910 /* LaunchScreen.storyboard */ = {
			isa = PBXVariantGroup;
			children = (
				EDDDD5012280884F006C7910 /* Base */,
			);
			name = LaunchScreen.storyboard;
			sourceTree = "<group>";
		};
/* End PBXVariantGroup section */

/* Begin XCBuildConfiguration section */
		EDDDD5062280884F006C7910 /* Debug */ = {
			isa = XCBuildConfiguration;
			buildSettings = {
				ALWAYS_SEARCH_USER_PATHS = NO;
				CLANG_ANALYZER_NONNULL = YES;
				CLANG_ANALYZER_NUMBER_OBJECT_CONVERSION = YES_AGGRESSIVE;
				CLANG_CXX_LANGUAGE_STANDARD = "gnu++14";
				CLANG_CXX_LIBRARY = "libc++";
				CLANG_ENABLE_MODULES = YES;
				CLANG_ENABLE_OBJC_ARC = YES;
				CLANG_ENABLE_OBJC_WEAK = YES;
				CLANG_WARN_BLOCK_CAPTURE_AUTORELEASING = YES;
				CLANG_WARN_BOOL_CONVERSION = YES;
				CLANG_WARN_COMMA = YES;
				CLANG_WARN_CONSTANT_CONVERSION = YES;
				CLANG_WARN_DEPRECATED_OBJC_IMPLEMENTATIONS = YES;
				CLANG_WARN_DIRECT_OBJC_ISA_USAGE = YES_ERROR;
				CLANG_WARN_DOCUMENTATION_COMMENTS = YES;
				CLANG_WARN_EMPTY_BODY = YES;
				CLANG_WARN_ENUM_CONVERSION = YES;
				CLANG_WARN_INFINITE_RECURSION = YES;
				CLANG_WARN_INT_CONVERSION = YES;
				CLANG_WARN_NON_LITERAL_NULL_CONVERSION = YES;
				CLANG_WARN_OBJC_IMPLICIT_RETAIN_SELF = YES;
				CLANG_WARN_OBJC_LITERAL_CONVERSION = YES;
				CLANG_WARN_OBJC_ROOT_CLASS = YES_ERROR;
				CLANG_WARN_RANGE_LOOP_ANALYSIS = YES;
				CLANG_WARN_STRICT_PROTOTYPES = YES;
				CLANG_WARN_SUSPICIOUS_MOVE = YES;
				CLANG_WARN_UNGUARDED_AVAILABILITY = YES_AGGRESSIVE;
				CLANG_WARN_UNREACHABLE_CODE = YES;
				CLANG_WARN__DUPLICATE_METHOD_MATCH = YES;
				CODE_SIGN_IDENTITY = "iPhone Developer";
				COPY_PHASE_STRIP = NO;
				DEBUG_INFORMATION_FORMAT = dwarf;
				ENABLE_STRICT_OBJC_MSGSEND = YES;
				ENABLE_TESTABILITY = YES;
				GCC_C_LANGUAGE_STANDARD = gnu11;
				GCC_DYNAMIC_NO_PIC = NO;
				GCC_NO_COMMON_BLOCKS = YES;
				GCC_OPTIMIZATION_LEVEL = 0;
				GCC_PREPROCESSOR_DEFINITIONS = (
					"DEBUG=1",
					"$(inherited)",
				);
				GCC_WARN_64_TO_32_BIT_CONVERSION = YES;
				GCC_WARN_ABOUT_RETURN_TYPE = YES_ERROR;
				GCC_WARN_UNDECLARED_SELECTOR = YES;
				GCC_WARN_UNINITIALIZED_AUTOS = YES_AGGRESSIVE;
				GCC_WARN_UNUSED_FUNCTION = YES;
				GCC_WARN_UNUSED_VARIABLE = YES;
				IPHONEOS_DEPLOYMENT_TARGET = 12.2;
				MTL_ENABLE_DEBUG_INFO = INCLUDE_SOURCE;
				MTL_FAST_MATH = YES;
				ONLY_ACTIVE_ARCH = YES;
				SDKROOT = iphoneos;
			};
			name = Debug;
		};
		EDDDD5072280884F006C7910 /* Release */ = {
			isa = XCBuildConfiguration;
			buildSettings = {
				ALWAYS_SEARCH_USER_PATHS = NO;
				CLANG_ANALYZER_NONNULL = YES;
				CLANG_ANALYZER_NUMBER_OBJECT_CONVERSION = YES_AGGRESSIVE;
				CLANG_CXX_LANGUAGE_STANDARD = "gnu++14";
				CLANG_CXX_LIBRARY = "libc++";
				CLANG_ENABLE_MODULES = YES;
				CLANG_ENABLE_OBJC_ARC = YES;
				CLANG_ENABLE_OBJC_WEAK = YES;
				CLANG_WARN_BLOCK_CAPTURE_AUTORELEASING = YES;
				CLANG_WARN_BOOL_CONVERSION = YES;
				CLANG_WARN_COMMA = YES;
				CLANG_WARN_CONSTANT_CONVERSION = YES;
				CLANG_WARN_DEPRECATED_OBJC_IMPLEMENTATIONS = YES;
				CLANG_WARN_DIRECT_OBJC_ISA_USAGE = YES_ERROR;
				CLANG_WARN_DOCUMENTATION_COMMENTS = YES;
				CLANG_WARN_EMPTY_BODY = YES;
				CLANG_WARN_ENUM_CONVERSION = YES;
				CLANG_WARN_INFINITE_RECURSION = YES;
				CLANG_WARN_INT_CONVERSION = YES;
				CLANG_WARN_NON_LITERAL_NULL_CONVERSION = YES;
				CLANG_WARN_OBJC_IMPLICIT_RETAIN_SELF = YES;
				CLANG_WARN_OBJC_LITERAL_CONVERSION = YES;
				CLANG_WARN_OBJC_ROOT_CLASS = YES_ERROR;
				CLANG_WARN_RANGE_LOOP_ANALYSIS = YES;
				CLANG_WARN_STRICT_PROTOTYPES = YES;
				CLANG_WARN_SUSPICIOUS_MOVE = YES;
				CLANG_WARN_UNGUARDED_AVAILABILITY = YES_AGGRESSIVE;
				CLANG_WARN_UNREACHABLE_CODE = YES;
				CLANG_WARN__DUPLICATE_METHOD_MATCH = YES;
				CODE_SIGN_IDENTITY = "iPhone Developer";
				COPY_PHASE_STRIP = NO;
				DEBUG_INFORMATION_FORMAT = "dwarf-with-dsym";
				ENABLE_NS_ASSERTIONS = NO;
				ENABLE_STRICT_OBJC_MSGSEND = YES;
				GCC_C_LANGUAGE_STANDARD = gnu11;
				GCC_NO_COMMON_BLOCKS = YES;
				GCC_WARN_64_TO_32_BIT_CONVERSION = YES;
				GCC_WARN_ABOUT_RETURN_TYPE = YES_ERROR;
				GCC_WARN_UNDECLARED_SELECTOR = YES;
				GCC_WARN_UNINITIALIZED_AUTOS = YES_AGGRESSIVE;
				GCC_WARN_UNUSED_FUNCTION = YES;
				GCC_WARN_UNUSED_VARIABLE = YES;
				IPHONEOS_DEPLOYMENT_TARGET = 12.2;
				MTL_ENABLE_DEBUG_INFO = NO;
				MTL_FAST_MATH = YES;
				SDKROOT = iphoneos;
				VALIDATE_PRODUCT = YES;
			};
			name = Release;
		};
		EDDDD5092280884F006C7910 /* Debug */ = {
			isa = XCBuildConfiguration;
			buildSettings = {
				ASSETCATALOG_COMPILER_APPICON_NAME = AppIcon;
				CODE_SIGN_STYLE = Automatic;
				DEVELOPMENT_TEAM = D2VZ8N8LJC;
				INFOPLIST_FILE = TwoPlayerMathGame/Info.plist;
				LD_RUNPATH_SEARCH_PATHS = (
					"$(inherited)",
					"@executable_path/Frameworks",
				);
				PRODUCT_BUNDLE_IDENTIFIER = com.dsn.TwoPlayerMathGame;
				PRODUCT_NAME = "$(TARGET_NAME)";
				TARGETED_DEVICE_FAMILY = "1,2";
			};
			name = Debug;
		};
		EDDDD50A2280884F006C7910 /* Release */ = {
			isa = XCBuildConfiguration;
			buildSettings = {
				ASSETCATALOG_COMPILER_APPICON_NAME = AppIcon;
				CODE_SIGN_STYLE = Automatic;
				DEVELOPMENT_TEAM = D2VZ8N8LJC;
				INFOPLIST_FILE = TwoPlayerMathGame/Info.plist;
				LD_RUNPATH_SEARCH_PATHS = (
					"$(inherited)",
					"@executable_path/Frameworks",
				);
				PRODUCT_BUNDLE_IDENTIFIER = com.dsn.TwoPlayerMathGame;
				PRODUCT_NAME = "$(TARGET_NAME)";
				TARGETED_DEVICE_FAMILY = "1,2";
			};
			name = Release;
		};
/* End XCBuildConfiguration section */

/* Begin XCConfigurationList section */
		EDDDD4ED2280884E006C7910 /* Build configuration list for PBXProject "TwoPlayerMathGame" */ = {
			isa = XCConfigurationList;
			buildConfigurations = (
				EDDDD5062280884F006C7910 /* Debug */,
				EDDDD5072280884F006C7910 /* Release */,
			);
			defaultConfigurationIsVisible = 0;
			defaultConfigurationName = Release;
		};
		EDDDD5082280884F006C7910 /* Build configuration list for PBXNativeTarget "TwoPlayerMathGame" */ = {
			isa = XCConfigurationList;
			buildConfigurations = (
				EDDDD5092280884F006C7910 /* Debug */,
				EDDDD50A2280884F006C7910 /* Release */,
			);
			defaultConfigurationIsVisible = 0;
			defaultConfigurationName = Release;
		};
/* End XCConfigurationList section */
	};
	rootObject = EDDDD4EA2280884E006C7910 /* Project object */;
}
